// !$*UTF8*$!
{
	archiveVersion = 1;
	classes = {
	};
	objectVersion = 56;
	objects = {

/* Begin PBXBuildFile section */
		83064FD92B3B10E5006C2CF7 /* ToDo_AppApp.swift in Sources */ = {isa = PBXBuildFile; fileRef = 83064FD82B3B10E5006C2CF7 /* ToDo_AppApp.swift */; };
		83064FDB2B3B10E5006C2CF7 /* ContentView.swift in Sources */ = {isa = PBXBuildFile; fileRef = 83064FDA2B3B10E5006C2CF7 /* ContentView.swift */; };
		83064FDD2B3B10E8006C2CF7 /* Assets.xcassets in Resources */ = {isa = PBXBuildFile; fileRef = 83064FDC2B3B10E8006C2CF7 /* Assets.xcassets */; };
		83064FE02B3B10E8006C2CF7 /* Preview Assets.xcassets in Resources */ = {isa = PBXBuildFile; fileRef = 83064FDF2B3B10E8006C2CF7 /* Preview Assets.xcassets */; };
		83064FE22B3B10E8006C2CF7 /* Persistence.swift in Sources */ = {isa = PBXBuildFile; fileRef = 83064FE12B3B10E8006C2CF7 /* Persistence.swift */; };
		83064FE52B3B10E8006C2CF7 /* ToDo_App.xcdatamodeld in Sources */ = {isa = PBXBuildFile; fileRef = 83064FE32B3B10E8006C2CF7 /* ToDo_App.xcdatamodeld */; };
		83064FEF2B3B11F4006C2CF7 /* AddToDoView.swift in Sources */ = {isa = PBXBuildFile; fileRef = 83064FEE2B3B11F4006C2CF7 /* AddToDoView.swift */; };
		83C6687F2B5A77340017578C /* EmptyListView.swift in Sources */ = {isa = PBXBuildFile; fileRef = 83C6687E2B5A77340017578C /* EmptyListView.swift */; };
		83C668822B5A7DE60017578C /* Tips.swift in Sources */ = {isa = PBXBuildFile; fileRef = 83C668812B5A7DE60017578C /* Tips.swift */; };
		83C668842B5A811B0017578C /* Images.swift in Sources */ = {isa = PBXBuildFile; fileRef = 83C668832B5A811B0017578C /* Images.swift */; };
		83C668862B5A93870017578C /* SettingsView.swift in Sources */ = {isa = PBXBuildFile; fileRef = 83C668852B5A93870017578C /* SettingsView.swift */; };
		83C668882B5AA4AB0017578C /* FormRowStaticView.swift in Sources */ = {isa = PBXBuildFile; fileRef = 83C668872B5AA4AB0017578C /* FormRowStaticView.swift */; };
		83C6688A2B5AAAAF0017578C /* FormRowLinkView.swift in Sources */ = {isa = PBXBuildFile; fileRef = 83C668892B5AAAAE0017578C /* FormRowLinkView.swift */; };
		83C668A42B5EAFB80017578C /* AlternateIcons.swift in Sources */ = {isa = PBXBuildFile; fileRef = 83C668A32B5EAFB80017578C /* AlternateIcons.swift */; };
		83C668AE2B5EB5D70017578C /* Blue.png in Resources */ = {isa = PBXBuildFile; fileRef = 83C668A52B5EB5D70017578C /* Blue.png */; };
		83C668AF2B5EB5D70017578C /* Pink Light.png in Resources */ = {isa = PBXBuildFile; fileRef = 83C668A62B5EB5D70017578C /* Pink Light.png */; };
		83C668B02B5EB5D70017578C /* Green Dark.png in Resources */ = {isa = PBXBuildFile; fileRef = 83C668A72B5EB5D70017578C /* Green Dark.png */; };
		83C668B12B5EB5D70017578C /* Blue Dark.png in Resources */ = {isa = PBXBuildFile; fileRef = 83C668A82B5EB5D70017578C /* Blue Dark.png */; };
		83C668B22B5EB5D70017578C /* Blue Light.png in Resources */ = {isa = PBXBuildFile; fileRef = 83C668A92B5EB5D70017578C /* Blue Light.png */; };
		83C668B32B5EB5D70017578C /* Pink.png in Resources */ = {isa = PBXBuildFile; fileRef = 83C668AA2B5EB5D70017578C /* Pink.png */; };
		83C668B42B5EB5D70017578C /* Green Light.png in Resources */ = {isa = PBXBuildFile; fileRef = 83C668AB2B5EB5D70017578C /* Green Light.png */; };
		83C668B52B5EB5D70017578C /* Green.png in Resources */ = {isa = PBXBuildFile; fileRef = 83C668AC2B5EB5D70017578C /* Green.png */; };
		83C668B62B5EB5D70017578C /* Pink Dark.png in Resources */ = {isa = PBXBuildFile; fileRef = 83C668AD2B5EB5D70017578C /* Pink Dark.png */; };
		83C668B92B5FA92C0017578C /* ThemeModel.swift in Sources */ = {isa = PBXBuildFile; fileRef = 83C668B82B5FA92C0017578C /* ThemeModel.swift */; };
		83C668BB2B5FA9C00017578C /* ThemeData.swift in Sources */ = {isa = PBXBuildFile; fileRef = 83C668BA2B5FA9C00017578C /* ThemeData.swift */; };
		83C668BD2B5FAA7F0017578C /* ThemeSettings.swift in Sources */ = {isa = PBXBuildFile; fileRef = 83C668BC2B5FAA7F0017578C /* ThemeSettings.swift */; };
/* End PBXBuildFile section */

/* Begin PBXFileReference section */
		83064FD52B3B10E5006C2CF7 /* ToDo App.app */ = {isa = PBXFileReference; explicitFileType = wrapper.application; includeInIndex = 0; path = "ToDo App.app"; sourceTree = BUILT_PRODUCTS_DIR; };
		83064FD82B3B10E5006C2CF7 /* ToDo_AppApp.swift */ = {isa = PBXFileReference; lastKnownFileType = sourcecode.swift; path = ToDo_AppApp.swift; sourceTree = "<group>"; };
		83064FDA2B3B10E5006C2CF7 /* ContentView.swift */ = {isa = PBXFileReference; lastKnownFileType = sourcecode.swift; path = ContentView.swift; sourceTree = "<group>"; };
		83064FDC2B3B10E8006C2CF7 /* Assets.xcassets */ = {isa = PBXFileReference; lastKnownFileType = folder.assetcatalog; path = Assets.xcassets; sourceTree = "<group>"; };
		83064FDF2B3B10E8006C2CF7 /* Preview Assets.xcassets */ = {isa = PBXFileReference; lastKnownFileType = folder.assetcatalog; path = "Preview Assets.xcassets"; sourceTree = "<group>"; };
		83064FE12B3B10E8006C2CF7 /* Persistence.swift */ = {isa = PBXFileReference; lastKnownFileType = sourcecode.swift; path = Persistence.swift; sourceTree = "<group>"; };
		83064FE42B3B10E8006C2CF7 /* ToDo_App.xcdatamodel */ = {isa = PBXFileReference; lastKnownFileType = wrapper.xcdatamodel; path = ToDo_App.xcdatamodel; sourceTree = "<group>"; };
		83064FEE2B3B11F4006C2CF7 /* AddToDoView.swift */ = {isa = PBXFileReference; lastKnownFileType = sourcecode.swift; path = AddToDoView.swift; sourceTree = "<group>"; };
		83C6687D2B5A762C0017578C /* ToDo-App-Info.plist */ = {isa = PBXFileReference; lastKnownFileType = text.plist; path = "ToDo-App-Info.plist"; sourceTree = SOURCE_ROOT; };
		83C6687E2B5A77340017578C /* EmptyListView.swift */ = {isa = PBXFileReference; lastKnownFileType = sourcecode.swift; path = EmptyListView.swift; sourceTree = "<group>"; };
		83C668812B5A7DE60017578C /* Tips.swift */ = {isa = PBXFileReference; lastKnownFileType = sourcecode.swift; path = Tips.swift; sourceTree = "<group>"; };
		83C668832B5A811B0017578C /* Images.swift */ = {isa = PBXFileReference; lastKnownFileType = sourcecode.swift; path = Images.swift; sourceTree = "<group>"; };
		83C668852B5A93870017578C /* SettingsView.swift */ = {isa = PBXFileReference; lastKnownFileType = sourcecode.swift; path = SettingsView.swift; sourceTree = "<group>"; };
		83C668872B5AA4AB0017578C /* FormRowStaticView.swift */ = {isa = PBXFileReference; lastKnownFileType = sourcecode.swift; path = FormRowStaticView.swift; sourceTree = "<group>"; };
		83C668892B5AAAAE0017578C /* FormRowLinkView.swift */ = {isa = PBXFileReference; lastKnownFileType = sourcecode.swift; path = FormRowLinkView.swift; sourceTree = "<group>"; };
		83C668A32B5EAFB80017578C /* AlternateIcons.swift */ = {isa = PBXFileReference; lastKnownFileType = sourcecode.swift; path = AlternateIcons.swift; sourceTree = "<group>"; };
		83C668A52B5EB5D70017578C /* Blue.png */ = {isa = PBXFileReference; lastKnownFileType = image.png; name = Blue.png; path = "../../../../../Downloads/SWIFTUI-APP-05/Resources/Icons/Blue.png"; sourceTree = "<group>"; };
		83C668A62B5EB5D70017578C /* Pink Light.png */ = {isa = PBXFileReference; lastKnownFileType = image.png; name = "Pink Light.png"; path = "../../../../../Downloads/SWIFTUI-APP-05/Resources/Icons/Pink Light.png"; sourceTree = "<group>"; };
		83C668A72B5EB5D70017578C /* Green Dark.png */ = {isa = PBXFileReference; lastKnownFileType = image.png; name = "Green Dark.png"; path = "../../../../../Downloads/SWIFTUI-APP-05/Resources/Icons/Green Dark.png"; sourceTree = "<group>"; };
		83C668A82B5EB5D70017578C /* Blue Dark.png */ = {isa = PBXFileReference; lastKnownFileType = image.png; name = "Blue Dark.png"; path = "../../../../../Downloads/SWIFTUI-APP-05/Resources/Icons/Blue Dark.png"; sourceTree = "<group>"; };
		83C668A92B5EB5D70017578C /* Blue Light.png */ = {isa = PBXFileReference; lastKnownFileType = image.png; name = "Blue Light.png"; path = "../../../../../Downloads/SWIFTUI-APP-05/Resources/Icons/Blue Light.png"; sourceTree = "<group>"; };
		83C668AA2B5EB5D70017578C /* Pink.png */ = {isa = PBXFileReference; lastKnownFileType = image.png; name = Pink.png; path = "../../../../../Downloads/SWIFTUI-APP-05/Resources/Icons/Pink.png"; sourceTree = "<group>"; };
		83C668AB2B5EB5D70017578C /* Green Light.png */ = {isa = PBXFileReference; lastKnownFileType = image.png; name = "Green Light.png"; path = "../../../../../Downloads/SWIFTUI-APP-05/Resources/Icons/Green Light.png"; sourceTree = "<group>"; };
		83C668AC2B5EB5D70017578C /* Green.png */ = {isa = PBXFileReference; lastKnownFileType = image.png; name = Green.png; path = "../../../../../Downloads/SWIFTUI-APP-05/Resources/Icons/Green.png"; sourceTree = "<group>"; };
		83C668AD2B5EB5D70017578C /* Pink Dark.png */ = {isa = PBXFileReference; lastKnownFileType = image.png; name = "Pink Dark.png"; path = "../../../../../Downloads/SWIFTUI-APP-05/Resources/Icons/Pink Dark.png"; sourceTree = "<group>"; };
		83C668B82B5FA92C0017578C /* ThemeModel.swift */ = {isa = PBXFileReference; lastKnownFileType = sourcecode.swift; path = ThemeModel.swift; sourceTree = "<group>"; };
		83C668BA2B5FA9C00017578C /* ThemeData.swift */ = {isa = PBXFileReference; lastKnownFileType = sourcecode.swift; path = ThemeData.swift; sourceTree = "<group>"; };
		83C668BC2B5FAA7F0017578C /* ThemeSettings.swift */ = {isa = PBXFileReference; lastKnownFileType = sourcecode.swift; path = ThemeSettings.swift; sourceTree = "<group>"; };
/* End PBXFileReference section */

/* Begin PBXFrameworksBuildPhase section */
		83064FD22B3B10E5006C2CF7 /* Frameworks */ = {
			isa = PBXFrameworksBuildPhase;
			buildActionMask = 2147483647;
			files = (
			);
			runOnlyForDeploymentPostprocessing = 0;
		};
/* End PBXFrameworksBuildPhase section */

/* Begin PBXGroup section */
		83064FCC2B3B10E5006C2CF7 = {
			isa = PBXGroup;
			children = (
				83064FD72B3B10E5006C2CF7 /* ToDo App */,
				83064FD62B3B10E5006C2CF7 /* Products */,
			);
			sourceTree = "<group>";
		};
		83064FD62B3B10E5006C2CF7 /* Products */ = {
			isa = PBXGroup;
			children = (
				83064FD52B3B10E5006C2CF7 /* ToDo App.app */,
			);
			name = Products;
			sourceTree = "<group>";
		};
		83064FD72B3B10E5006C2CF7 /* ToDo App */ = {
			isa = PBXGroup;
			children = (
				83C668B72B5FA9130017578C /* Theme */,
				83C6688B2B5ACCAD0017578C /* Icons */,
				83C668A02B5E602A0017578C /* Controllers */,
				83C668802B5A7DD20017578C /* Resources */,
				83C6687D2B5A762C0017578C /* ToDo-App-Info.plist */,
				83064FD82B3B10E5006C2CF7 /* ToDo_AppApp.swift */,
				83064FEB2B3B1194006C2CF7 /* View */,
				83064FDC2B3B10E8006C2CF7 /* Assets.xcassets */,
				83064FE12B3B10E8006C2CF7 /* Persistence.swift */,
				83064FE32B3B10E8006C2CF7 /* ToDo_App.xcdatamodeld */,
				83064FDE2B3B10E8006C2CF7 /* Preview Content */,
			);
			path = "ToDo App";
			sourceTree = "<group>";
		};
		83064FDE2B3B10E8006C2CF7 /* Preview Content */ = {
			isa = PBXGroup;
			children = (
				83064FDF2B3B10E8006C2CF7 /* Preview Assets.xcassets */,
			);
			path = "Preview Content";
			sourceTree = "<group>";
		};
		83064FEB2B3B1194006C2CF7 /* View */ = {
			isa = PBXGroup;
			children = (
				83064FDA2B3B10E5006C2CF7 /* ContentView.swift */,
				83064FEE2B3B11F4006C2CF7 /* AddToDoView.swift */,
				83C6687E2B5A77340017578C /* EmptyListView.swift */,
				83C668852B5A93870017578C /* SettingsView.swift */,
				83C668872B5AA4AB0017578C /* FormRowStaticView.swift */,
				83C668892B5AAAAE0017578C /* FormRowLinkView.swift */,
			);
			path = View;
			sourceTree = "<group>";
		};
		83C668802B5A7DD20017578C /* Resources */ = {
			isa = PBXGroup;
			children = (
				83C668812B5A7DE60017578C /* Tips.swift */,
				83C668832B5A811B0017578C /* Images.swift */,
			);
			path = Resources;
			sourceTree = "<group>";
		};
		83C6688B2B5ACCAD0017578C /* Icons */ = {
			isa = PBXGroup;
			children = (
				83C668A82B5EB5D70017578C /* Blue Dark.png */,
				83C668A92B5EB5D70017578C /* Blue Light.png */,
				83C668A52B5EB5D70017578C /* Blue.png */,
				83C668A72B5EB5D70017578C /* Green Dark.png */,
				83C668AB2B5EB5D70017578C /* Green Light.png */,
				83C668AC2B5EB5D70017578C /* Green.png */,
				83C668AD2B5EB5D70017578C /* Pink Dark.png */,
				83C668A62B5EB5D70017578C /* Pink Light.png */,
				83C668AA2B5EB5D70017578C /* Pink.png */,
			);
			path = Icons;
			sourceTree = "<group>";
		};
		83C668A02B5E602A0017578C /* Controllers */ = {
			isa = PBXGroup;
			children = (
				83C668A32B5EAFB80017578C /* AlternateIcons.swift */,
			);
			path = Controllers;
			sourceTree = "<group>";
		};
		83C668B72B5FA9130017578C /* Theme */ = {
			isa = PBXGroup;
			children = (
				83C668B82B5FA92C0017578C /* ThemeModel.swift */,
				83C668BA2B5FA9C00017578C /* ThemeData.swift */,
				83C668BC2B5FAA7F0017578C /* ThemeSettings.swift */,
			);
			path = Theme;
			sourceTree = "<group>";
		};
/* End PBXGroup section */

/* Begin PBXNativeTarget section */
		83064FD42B3B10E5006C2CF7 /* ToDo App */ = {
			isa = PBXNativeTarget;
			buildConfigurationList = 83064FE82B3B10E8006C2CF7 /* Build configuration list for PBXNativeTarget "ToDo App" */;
			buildPhases = (
				83064FD12B3B10E5006C2CF7 /* Sources */,
				83064FD22B3B10E5006C2CF7 /* Frameworks */,
				83064FD32B3B10E5006C2CF7 /* Resources */,
			);
			buildRules = (
			);
			dependencies = (
			);
			name = "ToDo App";
			productName = "ToDo App";
			productReference = 83064FD52B3B10E5006C2CF7 /* ToDo App.app */;
			productType = "com.apple.product-type.application";
		};
/* End PBXNativeTarget section */

/* Begin PBXProject section */
		83064FCD2B3B10E5006C2CF7 /* Project object */ = {
			isa = PBXProject;
			attributes = {
				BuildIndependentTargetsInParallel = 1;
				LastSwiftUpdateCheck = 1500;
				LastUpgradeCheck = 1500;
				TargetAttributes = {
					83064FD42B3B10E5006C2CF7 = {
						CreatedOnToolsVersion = 15.0.1;
					};
				};
			};
			buildConfigurationList = 83064FD02B3B10E5006C2CF7 /* Build configuration list for PBXProject "ToDo App" */;
			compatibilityVersion = "Xcode 14.0";
			developmentRegion = en;
			hasScannedForEncodings = 0;
			knownRegions = (
				en,
				Base,
			);
			mainGroup = 83064FCC2B3B10E5006C2CF7;
			productRefGroup = 83064FD62B3B10E5006C2CF7 /* Products */;
			projectDirPath = "";
			projectRoot = "";
			targets = (
				83064FD42B3B10E5006C2CF7 /* ToDo App */,
			);
		};
/* End PBXProject section */

/* Begin PBXResourcesBuildPhase section */
		83064FD32B3B10E5006C2CF7 /* Resources */ = {
			isa = PBXResourcesBuildPhase;
			buildActionMask = 2147483647;
			files = (
				83C668B42B5EB5D70017578C /* Green Light.png in Resources */,
				83C668B12B5EB5D70017578C /* Blue Dark.png in Resources */,
				83C668AE2B5EB5D70017578C /* Blue.png in Resources */,
				83C668B02B5EB5D70017578C /* Green Dark.png in Resources */,
				83C668B22B5EB5D70017578C /* Blue Light.png in Resources */,
				83064FE02B3B10E8006C2CF7 /* Preview Assets.xcassets in Resources */,
				83C668B32B5EB5D70017578C /* Pink.png in Resources */,
				83064FDD2B3B10E8006C2CF7 /* Assets.xcassets in Resources */,
				83C668AF2B5EB5D70017578C /* Pink Light.png in Resources */,
				83C668B62B5EB5D70017578C /* Pink Dark.png in Resources */,
				83C668B52B5EB5D70017578C /* Green.png in Resources */,
			);
			runOnlyForDeploymentPostprocessing = 0;
		};
/* End PBXResourcesBuildPhase section */

/* Begin PBXSourcesBuildPhase section */
		83064FD12B3B10E5006C2CF7 /* Sources */ = {
			isa = PBXSourcesBuildPhase;
			buildActionMask = 2147483647;
			files = (
				83064FE22B3B10E8006C2CF7 /* Persistence.swift in Sources */,
				83C668882B5AA4AB0017578C /* FormRowStaticView.swift in Sources */,
				83064FEF2B3B11F4006C2CF7 /* AddToDoView.swift in Sources */,
				83C668A42B5EAFB80017578C /* AlternateIcons.swift in Sources */,
				83C6687F2B5A77340017578C /* EmptyListView.swift in Sources */,
				83C668B92B5FA92C0017578C /* ThemeModel.swift in Sources */,
				83C668862B5A93870017578C /* SettingsView.swift in Sources */,
				83064FDB2B3B10E5006C2CF7 /* ContentView.swift in Sources */,
				83C668822B5A7DE60017578C /* Tips.swift in Sources */,
				83C668BB2B5FA9C00017578C /* ThemeData.swift in Sources */,
				83C6688A2B5AAAAF0017578C /* FormRowLinkView.swift in Sources */,
				83C668842B5A811B0017578C /* Images.swift in Sources */,
				83C668BD2B5FAA7F0017578C /* ThemeSettings.swift in Sources */,
				83064FD92B3B10E5006C2CF7 /* ToDo_AppApp.swift in Sources */,
				83064FE52B3B10E8006C2CF7 /* ToDo_App.xcdatamodeld in Sources */,
			);
			runOnlyForDeploymentPostprocessing = 0;
		};
/* End PBXSourcesBuildPhase section */

/* Begin XCBuildConfiguration section */
		83064FE62B3B10E8006C2CF7 /* Debug */ = {
			isa = XCBuildConfiguration;
			buildSettings = {
				ALWAYS_SEARCH_USER_PATHS = NO;
				ASSETCATALOG_COMPILER_GENERATE_SWIFT_ASSET_SYMBOL_EXTENSIONS = YES;
				CLANG_ANALYZER_NONNULL = YES;
				CLANG_ANALYZER_NUMBER_OBJECT_CONVERSION = YES_AGGRESSIVE;
				CLANG_CXX_LANGUAGE_STANDARD = "gnu++20";
				CLANG_ENABLE_MODULES = YES;
				CLANG_ENABLE_OBJC_ARC = YES;
				CLANG_ENABLE_OBJC_WEAK = YES;
				CLANG_WARN_BLOCK_CAPTURE_AUTORELEASING = YES;
				CLANG_WARN_BOOL_CONVERSION = YES;
				CLANG_WARN_COMMA = YES;
				CLANG_WARN_CONSTANT_CONVERSION = YES;
				CLANG_WARN_DEPRECATED_OBJC_IMPLEMENTATIONS = YES;
				CLANG_WARN_DIRECT_OBJC_ISA_USAGE = YES_ERROR;
				CLANG_WARN_DOCUMENTATION_COMMENTS = YES;
				CLANG_WARN_EMPTY_BODY = YES;
				CLANG_WARN_ENUM_CONVERSION = YES;
				CLANG_WARN_INFINITE_RECURSION = YES;
				CLANG_WARN_INT_CONVERSION = YES;
				CLANG_WARN_NON_LITERAL_NULL_CONVERSION = YES;
				CLANG_WARN_OBJC_IMPLICIT_RETAIN_SELF = YES;
				CLANG_WARN_OBJC_LITERAL_CONVERSION = YES;
				CLANG_WARN_OBJC_ROOT_CLASS = YES_ERROR;
				CLANG_WARN_QUOTED_INCLUDE_IN_FRAMEWORK_HEADER = YES;
				CLANG_WARN_RANGE_LOOP_ANALYSIS = YES;
				CLANG_WARN_STRICT_PROTOTYPES = YES;
				CLANG_WARN_SUSPICIOUS_MOVE = YES;
				CLANG_WARN_UNGUARDED_AVAILABILITY = YES_AGGRESSIVE;
				CLANG_WARN_UNREACHABLE_CODE = YES;
				CLANG_WARN__DUPLICATE_METHOD_MATCH = YES;
				COPY_PHASE_STRIP = NO;
				DEBUG_INFORMATION_FORMAT = dwarf;
				ENABLE_STRICT_OBJC_MSGSEND = YES;
				ENABLE_TESTABILITY = YES;
				ENABLE_USER_SCRIPT_SANDBOXING = YES;
				GCC_C_LANGUAGE_STANDARD = gnu17;
				GCC_DYNAMIC_NO_PIC = NO;
				GCC_NO_COMMON_BLOCKS = YES;
				GCC_OPTIMIZATION_LEVEL = 0;
				GCC_PREPROCESSOR_DEFINITIONS = (
					"DEBUG=1",
					"$(inherited)",
				);
				GCC_WARN_64_TO_32_BIT_CONVERSION = YES;
				GCC_WARN_ABOUT_RETURN_TYPE = YES_ERROR;
				GCC_WARN_UNDECLARED_SELECTOR = YES;
				GCC_WARN_UNINITIALIZED_AUTOS = YES_AGGRESSIVE;
				GCC_WARN_UNUSED_FUNCTION = YES;
				GCC_WARN_UNUSED_VARIABLE = YES;
				IPHONEOS_DEPLOYMENT_TARGET = 17.0;
				LOCALIZATION_PREFERS_STRING_CATALOGS = YES;
				MTL_ENABLE_DEBUG_INFO = INCLUDE_SOURCE;
				MTL_FAST_MATH = YES;
				ONLY_ACTIVE_ARCH = YES;
				SDKROOT = iphoneos;
				SWIFT_ACTIVE_COMPILATION_CONDITIONS = "DEBUG $(inherited)";
				SWIFT_OPTIMIZATION_LEVEL = "-Onone";
			};
			name = Debug;
		};
		83064FE72B3B10E8006C2CF7 /* Release */ = {
			isa = XCBuildConfiguration;
			buildSettings = {
				ALWAYS_SEARCH_USER_PATHS = NO;
				ASSETCATALOG_COMPILER_GENERATE_SWIFT_ASSET_SYMBOL_EXTENSIONS = YES;
				CLANG_ANALYZER_NONNULL = YES;
				CLANG_ANALYZER_NUMBER_OBJECT_CONVERSION = YES_AGGRESSIVE;
				CLANG_CXX_LANGUAGE_STANDARD = "gnu++20";
				CLANG_ENABLE_MODULES = YES;
				CLANG_ENABLE_OBJC_ARC = YES;
				CLANG_ENABLE_OBJC_WEAK = YES;
				CLANG_WARN_BLOCK_CAPTURE_AUTORELEASING = YES;
				CLANG_WARN_BOOL_CONVERSION = YES;
				CLANG_WARN_COMMA = YES;
				CLANG_WARN_CONSTANT_CONVERSION = YES;
				CLANG_WARN_DEPRECATED_OBJC_IMPLEMENTATIONS = YES;
				CLANG_WARN_DIRECT_OBJC_ISA_USAGE = YES_ERROR;
				CLANG_WARN_DOCUMENTATION_COMMENTS = YES;
				CLANG_WARN_EMPTY_BODY = YES;
				CLANG_WARN_ENUM_CONVERSION = YES;
				CLANG_WARN_INFINITE_RECURSION = YES;
				CLANG_WARN_INT_CONVERSION = YES;
				CLANG_WARN_NON_LITERAL_NULL_CONVERSION = YES;
				CLANG_WARN_OBJC_IMPLICIT_RETAIN_SELF = YES;
				CLANG_WARN_OBJC_LITERAL_CONVERSION = YES;
				CLANG_WARN_OBJC_ROOT_CLASS = YES_ERROR;
				CLANG_WARN_QUOTED_INCLUDE_IN_FRAMEWORK_HEADER = YES;
				CLANG_WARN_RANGE_LOOP_ANALYSIS = YES;
				CLANG_WARN_STRICT_PROTOTYPES = YES;
				CLANG_WARN_SUSPICIOUS_MOVE = YES;
				CLANG_WARN_UNGUARDED_AVAILABILITY = YES_AGGRESSIVE;
				CLANG_WARN_UNREACHABLE_CODE = YES;
				CLANG_WARN__DUPLICATE_METHOD_MATCH = YES;
				COPY_PHASE_STRIP = NO;
				DEBUG_INFORMATION_FORMAT = "dwarf-with-dsym";
				ENABLE_NS_ASSERTIONS = NO;
				ENABLE_STRICT_OBJC_MSGSEND = YES;
				ENABLE_USER_SCRIPT_SANDBOXING = YES;
				GCC_C_LANGUAGE_STANDARD = gnu17;
				GCC_NO_COMMON_BLOCKS = YES;
				GCC_WARN_64_TO_32_BIT_CONVERSION = YES;
				GCC_WARN_ABOUT_RETURN_TYPE = YES_ERROR;
				GCC_WARN_UNDECLARED_SELECTOR = YES;
				GCC_WARN_UNINITIALIZED_AUTOS = YES_AGGRESSIVE;
				GCC_WARN_UNUSED_FUNCTION = YES;
				GCC_WARN_UNUSED_VARIABLE = YES;
				IPHONEOS_DEPLOYMENT_TARGET = 17.0;
				LOCALIZATION_PREFERS_STRING_CATALOGS = YES;
				MTL_ENABLE_DEBUG_INFO = NO;
				MTL_FAST_MATH = YES;
				SDKROOT = iphoneos;
				SWIFT_COMPILATION_MODE = wholemodule;
				VALIDATE_PRODUCT = YES;
			};
			name = Release;
		};
		83064FE92B3B10E8006C2CF7 /* Debug */ = {
			isa = XCBuildConfiguration;
			buildSettings = {
				ASSETCATALOG_COMPILER_APPICON_NAME = AppIcon;
				ASSETCATALOG_COMPILER_GLOBAL_ACCENT_COLOR_NAME = AccentColor;
				CODE_SIGN_STYLE = Automatic;
				CURRENT_PROJECT_VERSION = 1;
				DEVELOPMENT_ASSET_PATHS = "\"ToDo App/Preview Content\"";
				DEVELOPMENT_TEAM = 5K5U64U7T6;
				ENABLE_PREVIEWS = YES;
				GENERATE_INFOPLIST_FILE = YES;
				INFOPLIST_FILE = "ToDo-App-Info.plist";
				INFOPLIST_KEY_UIApplicationSceneManifest_Generation = YES;
				INFOPLIST_KEY_UIApplicationSupportsIndirectInputEvents = YES;
				INFOPLIST_KEY_UISupportedInterfaceOrientations = UIInterfaceOrientationPortrait;
				INFOPLIST_KEY_UISupportedInterfaceOrientations_iPad = "UIInterfaceOrientationLandscapeLeft UIInterfaceOrientationLandscapeRight UIInterfaceOrientationPortrait UIInterfaceOrientationPortraitUpsideDown";
				LD_RUNPATH_SEARCH_PATHS = (
					"$(inherited)",
					"@executable_path/Frameworks",
				);
				MARKETING_VERSION = 1.0;
				PRODUCT_BUNDLE_IDENTIFIER = "com.afacar.ToDo-App";
				PRODUCT_NAME = "$(TARGET_NAME)";
				SWIFT_EMIT_LOC_STRINGS = YES;
				SWIFT_VERSION = 5.0;
				TARGETED_DEVICE_FAMILY = "1,2";
			};
			name = Debug;
		};
		83064FEA2B3B10E8006C2CF7 /* Release */ = {
			isa = XCBuildConfiguration;
			buildSettings = {
				ASSETCATALOG_COMPILER_APPICON_NAME = AppIcon;
				ASSETCATALOG_COMPILER_GLOBAL_ACCENT_COLOR_NAME = AccentColor;
				CODE_SIGN_STYLE = Automatic;
				CURRENT_PROJECT_VERSION = 1;
				DEVELOPMENT_ASSET_PATHS = "\"ToDo App/Preview Content\"";
				DEVELOPMENT_TEAM = 5K5U64U7T6;
				ENABLE_PREVIEWS = YES;
				GENERATE_INFOPLIST_FILE = YES;
				INFOPLIST_FILE = "ToDo-App-Info.plist";
				INFOPLIST_KEY_UIApplicationSceneManifest_Generation = YES;
				INFOPLIST_KEY_UIApplicationSupportsIndirectInputEvents = YES;
				INFOPLIST_KEY_UISupportedInterfaceOrientations = UIInterfaceOrientationPortrait;
				INFOPLIST_KEY_UISupportedInterfaceOrientations_iPad = "UIInterfaceOrientationLandscapeLeft UIInterfaceOrientationLandscapeRight UIInterfaceOrientationPortrait UIInterfaceOrientationPortraitUpsideDown";
				LD_RUNPATH_SEARCH_PATHS = (
					"$(inherited)",
					"@executable_path/Frameworks",
				);
				MARKETING_VERSION = 1.0;
				PRODUCT_BUNDLE_IDENTIFIER = "com.afacar.ToDo-App";
				PRODUCT_NAME = "$(TARGET_NAME)";
				SWIFT_EMIT_LOC_STRINGS = YES;
				SWIFT_VERSION = 5.0;
				TARGETED_DEVICE_FAMILY = "1,2";
			};
			name = Release;
		};
/* End XCBuildConfiguration section */

/* Begin XCConfigurationList section */
		83064FD02B3B10E5006C2CF7 /* Build configuration list for PBXProject "ToDo App" */ = {
			isa = XCConfigurationList;
			buildConfigurations = (
				83064FE62B3B10E8006C2CF7 /* Debug */,
				83064FE72B3B10E8006C2CF7 /* Release */,
			);
			defaultConfigurationIsVisible = 0;
			defaultConfigurationName = Release;
		};
		83064FE82B3B10E8006C2CF7 /* Build configuration list for PBXNativeTarget "ToDo App" */ = {
			isa = XCConfigurationList;
			buildConfigurations = (
				83064FE92B3B10E8006C2CF7 /* Debug */,
				83064FEA2B3B10E8006C2CF7 /* Release */,
			);
			defaultConfigurationIsVisible = 0;
			defaultConfigurationName = Release;
		};
/* End XCConfigurationList section */

/* Begin XCVersionGroup section */
		83064FE32B3B10E8006C2CF7 /* ToDo_App.xcdatamodeld */ = {
			isa = XCVersionGroup;
			children = (
				83064FE42B3B10E8006C2CF7 /* ToDo_App.xcdatamodel */,
			);
			currentVersion = 83064FE42B3B10E8006C2CF7 /* ToDo_App.xcdatamodel */;
			path = ToDo_App.xcdatamodeld;
			sourceTree = "<group>";
			versionGroupType = wrapper.xcdatamodel;
		};
/* End XCVersionGroup section */
	};
	rootObject = 83064FCD2B3B10E5006C2CF7 /* Project object */;
}
